
Microsoft Visual Studio Solution File, Format Version 12.00
# Visual Studio 15
VisualStudioVersion = 15.0.28010.2003
MinimumVisualStudioVersion = 10.0.40219.1
Project("{9A19103F-16F7-4668-BE54-9A1E7A4F7556}") = "SignRequestExpressAPI", "SignRequestExpressAPI\SignRequestExpressAPI.csproj", "{51E1E61F-82B9-4E94-9DF6-A7E4F783ABF4}"
EndProject
Project("{2150E333-8FDC-42A3-9474-1A3956D46DE8}") = "SolutionItems", "SolutionItems", "{C0886ABE-F67A-4B4B-862B-DD3AD7F283F5}"
	ProjectSection(SolutionItems) = preProject
		HeaderComment.txt = HeaderComment.txt
	EndProjectSection
EndProject
Project("{FAE04EC0-301F-11D3-BF4B-00C04F79EFBC}") = "SignRequestExpress", "SignRequestExpress\SignRequestExpress.csproj", "{4364287C-7D05-4292-82F9-52B88F70FCD9}"
EndProject
Global
	GlobalSection(SolutionConfigurationPlatforms) = preSolution
		Debug|Any CPU = Debug|Any CPU
		Release|Any CPU = Release|Any CPU
	EndGlobalSection
	GlobalSection(ProjectConfigurationPlatforms) = postSolution
		{51E1E61F-82B9-4E94-9DF6-A7E4F783ABF4}.Debug|Any CPU.ActiveCfg = Debug|Any CPU
		{51E1E61F-82B9-4E94-9DF6-A7E4F783ABF4}.Debug|Any CPU.Build.0 = Debug|Any CPU
		{51E1E61F-82B9-4E94-9DF6-A7E4F783ABF4}.Release|Any CPU.ActiveCfg = Release|Any CPU
		{51E1E61F-82B9-4E94-9DF6-A7E4F783ABF4}.Release|Any CPU.Build.0 = Release|Any CPU
		{4364287C-7D05-4292-82F9-52B88F70FCD9}.Debug|Any CPU.ActiveCfg = Debug|Any CPU
		{4364287C-7D05-4292-82F9-52B88F70FCD9}.Debug|Any CPU.Build.0 = Debug|Any CPU
		{4364287C-7D05-4292-82F9-52B88F70FCD9}.Release|Any CPU.ActiveCfg = Release|Any CPU
		{4364287C-7D05-4292-82F9-52B88F70FCD9}.Release|Any CPU.Build.0 = Release|Any CPU
	EndGlobalSection
	GlobalSection(SolutionProperties) = preSolution
		HideSolutionNode = FALSE
	EndGlobalSection
	GlobalSection(ExtensibilityGlobals) = postSolution
		SolutionGuid = {DD4F0372-551D-49B5-A126-4F77435E0464}
	EndGlobalSection
EndGlobal
